// !$*UTF8*$!
{
	archiveVersion = 1;
	classes = {
	};
	objectVersion = 50;
	objects = {

/* Begin PBXBuildFile section */
		B262BBE524641CFA002A2754 /* AppDelegate.swift in Sources */ = {isa = PBXBuildFile; fileRef = B262BBE424641CFA002A2754 /* AppDelegate.swift */; };
		B262BBE724641CFA002A2754 /* SceneDelegate.swift in Sources */ = {isa = PBXBuildFile; fileRef = B262BBE624641CFA002A2754 /* SceneDelegate.swift */; };
		B262BBEC24641CFA002A2754 /* Main.storyboard in Resources */ = {isa = PBXBuildFile; fileRef = B262BBEA24641CFA002A2754 /* Main.storyboard */; };
		B262BBEE24641CFE002A2754 /* Assets.xcassets in Resources */ = {isa = PBXBuildFile; fileRef = B262BBED24641CFE002A2754 /* Assets.xcassets */; };
		B262BBF124641CFE002A2754 /* LaunchScreen.storyboard in Resources */ = {isa = PBXBuildFile; fileRef = B262BBEF24641CFE002A2754 /* LaunchScreen.storyboard */; };
		B262BBF924641DBB002A2754 /* ViewController.swift in Sources */ = {isa = PBXBuildFile; fileRef = B262BBF824641DBB002A2754 /* ViewController.swift */; };
		B262BBFB24641DC4002A2754 /* FunctionList.plist in Resources */ = {isa = PBXBuildFile; fileRef = B262BBFA24641DC4002A2754 /* FunctionList.plist */; };
		B268DDB124C04B82003D49E1 /* LazyViewController.swift in Sources */ = {isa = PBXBuildFile; fileRef = B268DDB024C04B82003D49E1 /* LazyViewController.swift */; };
		B268DDC024C19A03003D49E1 /* IndirectViewController.swift in Sources */ = {isa = PBXBuildFile; fileRef = B268DDBF24C19A03003D49E1 /* IndirectViewController.swift */; };
		B2692A6F246D220700AE812D /* ProtocolOperation.swift in Sources */ = {isa = PBXBuildFile; fileRef = B2692A6E246D220700AE812D /* ProtocolOperation.swift */; };
		B2692A71246D233B00AE812D /* ProtocolViewController.swift in Sources */ = {isa = PBXBuildFile; fileRef = B2692A70246D233B00AE812D /* ProtocolViewController.swift */; };
		B2803FD724650C2F00CB1119 /* AggregateViewController.swift in Sources */ = {isa = PBXBuildFile; fileRef = B2803FD624650C2F00CB1119 /* AggregateViewController.swift */; };
		B28BDE2D24B5B0EC00344702 /* FuncInoutViewController.swift in Sources */ = {isa = PBXBuildFile; fileRef = B28BDE2C24B5B0EC00344702 /* FuncInoutViewController.swift */; };
		B28BDE2F24B5B3D300344702 /* BaseViewController.swift in Sources */ = {isa = PBXBuildFile; fileRef = B28BDE2E24B5B3D300344702 /* BaseViewController.swift */; };
/* End PBXBuildFile section */

/* Begin PBXFileReference section */
		B262BBE124641CFA002A2754 /* Swift-Learning.app */ = {isa = PBXFileReference; explicitFileType = wrapper.application; includeInIndex = 0; path = "Swift-Learning.app"; sourceTree = BUILT_PRODUCTS_DIR; };
		B262BBE424641CFA002A2754 /* AppDelegate.swift */ = {isa = PBXFileReference; lastKnownFileType = sourcecode.swift; path = AppDelegate.swift; sourceTree = "<group>"; };
		B262BBE624641CFA002A2754 /* SceneDelegate.swift */ = {isa = PBXFileReference; lastKnownFileType = sourcecode.swift; path = SceneDelegate.swift; sourceTree = "<group>"; };
		B262BBEB24641CFA002A2754 /* Base */ = {isa = PBXFileReference; lastKnownFileType = file.storyboard; name = Base; path = Base.lproj/Main.storyboard; sourceTree = "<group>"; };
		B262BBED24641CFE002A2754 /* Assets.xcassets */ = {isa = PBXFileReference; lastKnownFileType = folder.assetcatalog; path = Assets.xcassets; sourceTree = "<group>"; };
		B262BBF024641CFE002A2754 /* Base */ = {isa = PBXFileReference; lastKnownFileType = file.storyboard; name = Base; path = Base.lproj/LaunchScreen.storyboard; sourceTree = "<group>"; };
		B262BBF224641CFE002A2754 /* Info.plist */ = {isa = PBXFileReference; lastKnownFileType = text.plist.xml; path = Info.plist; sourceTree = "<group>"; };
		B262BBF824641DBB002A2754 /* ViewController.swift */ = {isa = PBXFileReference; fileEncoding = 4; lastKnownFileType = sourcecode.swift; path = ViewController.swift; sourceTree = "<group>"; };
		B262BBFA24641DC4002A2754 /* FunctionList.plist */ = {isa = PBXFileReference; fileEncoding = 4; lastKnownFileType = text.plist.xml; path = FunctionList.plist; sourceTree = "<group>"; };
		B268DDB024C04B82003D49E1 /* LazyViewController.swift */ = {isa = PBXFileReference; lastKnownFileType = sourcecode.swift; path = LazyViewController.swift; sourceTree = "<group>"; };
		B268DDBF24C19A03003D49E1 /* IndirectViewController.swift */ = {isa = PBXFileReference; lastKnownFileType = sourcecode.swift; path = IndirectViewController.swift; sourceTree = "<group>"; };
		B2692A6E246D220700AE812D /* ProtocolOperation.swift */ = {isa = PBXFileReference; lastKnownFileType = sourcecode.swift; path = ProtocolOperation.swift; sourceTree = "<group>"; };
		B2692A70246D233B00AE812D /* ProtocolViewController.swift */ = {isa = PBXFileReference; lastKnownFileType = sourcecode.swift; path = ProtocolViewController.swift; sourceTree = "<group>"; };
		B2803FD624650C2F00CB1119 /* AggregateViewController.swift */ = {isa = PBXFileReference; lastKnownFileType = sourcecode.swift; path = AggregateViewController.swift; sourceTree = "<group>"; };
		B28BDE2C24B5B0EC00344702 /* FuncInoutViewController.swift */ = {isa = PBXFileReference; lastKnownFileType = sourcecode.swift; path = FuncInoutViewController.swift; sourceTree = "<group>"; };
		B28BDE2E24B5B3D300344702 /* BaseViewController.swift */ = {isa = PBXFileReference; lastKnownFileType = sourcecode.swift; path = BaseViewController.swift; sourceTree = "<group>"; };
/* End PBXFileReference section */

/* Begin PBXFrameworksBuildPhase section */
		B262BBDE24641CFA002A2754 /* Frameworks */ = {
			isa = PBXFrameworksBuildPhase;
			buildActionMask = 2147483647;
			files = (
			);
			runOnlyForDeploymentPostprocessing = 0;
		};
/* End PBXFrameworksBuildPhase section */

/* Begin PBXGroup section */
		B262BBD824641CFA002A2754 = {
			isa = PBXGroup;
			children = (
				B28BDE2E24B5B3D300344702 /* BaseViewController.swift */,
				B262BBE324641CFA002A2754 /* Swift-Learning */,
				B262BBE224641CFA002A2754 /* Products */,
			);
			sourceTree = "<group>";
		};
		B262BBE224641CFA002A2754 /* Products */ = {
			isa = PBXGroup;
			children = (
				B262BBE124641CFA002A2754 /* Swift-Learning.app */,
			);
			name = Products;
			sourceTree = "<group>";
		};
		B262BBE324641CFA002A2754 /* Swift-Learning */ = {
			isa = PBXGroup;
			children = (
				B268DDBE24C199B2003D49E1 /* 值类型嵌套 */,
				B268DDAF24C04B64003D49E1 /* Lazy */,
				B28BDE2B24B5B0DB00344702 /* 修改传参的值 */,
				B2692A6D246D21E600AE812D /* Protocol */,
				B2803FD524650BEE00CB1119 /* 内建集合类型 */,
				B262BBE424641CFA002A2754 /* AppDelegate.swift */,
				B262BBE624641CFA002A2754 /* SceneDelegate.swift */,
				B262BBF824641DBB002A2754 /* ViewController.swift */,
				B262BBEA24641CFA002A2754 /* Main.storyboard */,
				B262BBFA24641DC4002A2754 /* FunctionList.plist */,
				B262BBED24641CFE002A2754 /* Assets.xcassets */,
				B262BBEF24641CFE002A2754 /* LaunchScreen.storyboard */,
				B262BBF224641CFE002A2754 /* Info.plist */,
			);
			path = "Swift-Learning";
			sourceTree = "<group>";
		};
		B268DDAF24C04B64003D49E1 /* Lazy */ = {
			isa = PBXGroup;
			children = (
				B268DDB024C04B82003D49E1 /* LazyViewController.swift */,
			);
			path = Lazy;
			sourceTree = "<group>";
		};
		B268DDBE24C199B2003D49E1 /* 值类型嵌套 */ = {
			isa = PBXGroup;
			children = (
				B268DDBF24C19A03003D49E1 /* IndirectViewController.swift */,
			);
			path = "值类型嵌套";
			sourceTree = "<group>";
		};
		B2692A6D246D21E600AE812D /* Protocol */ = {
			isa = PBXGroup;
			children = (
				B2692A6E246D220700AE812D /* ProtocolOperation.swift */,
				B2692A70246D233B00AE812D /* ProtocolViewController.swift */,
			);
			path = Protocol;
			sourceTree = "<group>";
		};
		B2803FD524650BEE00CB1119 /* 内建集合类型 */ = {
			isa = PBXGroup;
			children = (
				B2803FD624650C2F00CB1119 /* AggregateViewController.swift */,
			);
			path = "内建集合类型";
			sourceTree = "<group>";
		};
		B28BDE2B24B5B0DB00344702 /* 修改传参的值 */ = {
			isa = PBXGroup;
			children = (
				B28BDE2C24B5B0EC00344702 /* FuncInoutViewController.swift */,
			);
			path = "修改传参的值";
			sourceTree = "<group>";
		};
/* End PBXGroup section */

/* Begin PBXNativeTarget section */
		B262BBE024641CFA002A2754 /* Swift-Learning */ = {
			isa = PBXNativeTarget;
			buildConfigurationList = B262BBF524641CFE002A2754 /* Build configuration list for PBXNativeTarget "Swift-Learning" */;
			buildPhases = (
				B262BBDD24641CFA002A2754 /* Sources */,
				B262BBDE24641CFA002A2754 /* Frameworks */,
				B262BBDF24641CFA002A2754 /* Resources */,
			);
			buildRules = (
			);
			dependencies = (
			);
			name = "Swift-Learning";
			productName = "Swift-Learning";
			productReference = B262BBE124641CFA002A2754 /* Swift-Learning.app */;
			productType = "com.apple.product-type.application";
		};
/* End PBXNativeTarget section */

/* Begin PBXProject section */
		B262BBD924641CFA002A2754 /* Project object */ = {
			isa = PBXProject;
			attributes = {
				LastSwiftUpdateCheck = 1130;
				LastUpgradeCheck = 1130;
				ORGANIZATIONNAME = HangZhou;
				TargetAttributes = {
					B262BBE024641CFA002A2754 = {
						CreatedOnToolsVersion = 11.3.1;
					};
				};
			};
			buildConfigurationList = B262BBDC24641CFA002A2754 /* Build configuration list for PBXProject "Swift-Learning" */;
			compatibilityVersion = "Xcode 9.3";
			developmentRegion = en;
			hasScannedForEncodings = 0;
			knownRegions = (
				en,
				Base,
			);
			mainGroup = B262BBD824641CFA002A2754;
			productRefGroup = B262BBE224641CFA002A2754 /* Products */;
			projectDirPath = "";
			projectRoot = "";
			targets = (
				B262BBE024641CFA002A2754 /* Swift-Learning */,
			);
		};
/* End PBXProject section */

/* Begin PBXResourcesBuildPhase section */
		B262BBDF24641CFA002A2754 /* Resources */ = {
			isa = PBXResourcesBuildPhase;
			buildActionMask = 2147483647;
			files = (
				B262BBF124641CFE002A2754 /* LaunchScreen.storyboard in Resources */,
				B262BBEE24641CFE002A2754 /* Assets.xcassets in Resources */,
				B262BBFB24641DC4002A2754 /* FunctionList.plist in Resources */,
				B262BBEC24641CFA002A2754 /* Main.storyboard in Resources */,
			);
			runOnlyForDeploymentPostprocessing = 0;
		};
/* End PBXResourcesBuildPhase section */

/* Begin PBXSourcesBuildPhase section */
		B262BBDD24641CFA002A2754 /* Sources */ = {
			isa = PBXSourcesBuildPhase;
			buildActionMask = 2147483647;
			files = (
				B268DDC024C19A03003D49E1 /* IndirectViewController.swift in Sources */,
				B28BDE2D24B5B0EC00344702 /* FuncInoutViewController.swift in Sources */,
				B262BBF924641DBB002A2754 /* ViewController.swift in Sources */,
				B262BBE524641CFA002A2754 /* AppDelegate.swift in Sources */,
				B2803FD724650C2F00CB1119 /* AggregateViewController.swift in Sources */,
				B268DDB124C04B82003D49E1 /* LazyViewController.swift in Sources */,
				B2692A6F246D220700AE812D /* ProtocolOperation.swift in Sources */,
				B28BDE2F24B5B3D300344702 /* BaseViewController.swift in Sources */,
				B2692A71246D233B00AE812D /* ProtocolViewController.swift in Sources */,
				B262BBE724641CFA002A2754 /* SceneDelegate.swift in Sources */,
			);
			runOnlyForDeploymentPostprocessing = 0;
		};
/* End PBXSourcesBuildPhase section */

/* Begin PBXVariantGroup section */
		B262BBEA24641CFA002A2754 /* Main.storyboard */ = {
			isa = PBXVariantGroup;
			children = (
				B262BBEB24641CFA002A2754 /* Base */,
			);
			name = Main.storyboard;
			sourceTree = "<group>";
		};
		B262BBEF24641CFE002A2754 /* LaunchScreen.storyboard */ = {
			isa = PBXVariantGroup;
			children = (
				B262BBF024641CFE002A2754 /* Base */,
			);
			name = LaunchScreen.storyboard;
			sourceTree = "<group>";
		};
/* End PBXVariantGroup section */

/* Begin XCBuildConfiguration section */
		B262BBF324641CFE002A2754 /* Debug */ = {
			isa = XCBuildConfiguration;
			buildSettings = {
				ALWAYS_SEARCH_USER_PATHS = NO;
				CLANG_ANALYZER_NONNULL = YES;
				CLANG_ANALYZER_NUMBER_OBJECT_CONVERSION = YES_AGGRESSIVE;
				CLANG_CXX_LANGUAGE_STANDARD = "gnu++14";
				CLANG_CXX_LIBRARY = "libc++";
				CLANG_ENABLE_MODULES = YES;
				CLANG_ENABLE_OBJC_ARC = YES;
				CLANG_ENABLE_OBJC_WEAK = YES;
				CLANG_WARN_BLOCK_CAPTURE_AUTORELEASING = YES;
				CLANG_WARN_BOOL_CONVERSION = YES;
				CLANG_WARN_COMMA = YES;
				CLANG_WARN_CONSTANT_CONVERSION = YES;
				CLANG_WARN_DEPRECATED_OBJC_IMPLEMENTATIONS = YES;
				CLANG_WARN_DIRECT_OBJC_ISA_USAGE = YES_ERROR;
				CLANG_WARN_DOCUMENTATION_COMMENTS = YES;
				CLANG_WARN_EMPTY_BODY = YES;
				CLANG_WARN_ENUM_CONVERSION = YES;
				CLANG_WARN_INFINITE_RECURSION = YES;
				CLANG_WARN_INT_CONVERSION = YES;
				CLANG_WARN_NON_LITERAL_NULL_CONVERSION = YES;
				CLANG_WARN_OBJC_IMPLICIT_RETAIN_SELF = YES;
				CLANG_WARN_OBJC_LITERAL_CONVERSION = YES;
				CLANG_WARN_OBJC_ROOT_CLASS = YES_ERROR;
				CLANG_WARN_RANGE_LOOP_ANALYSIS = YES;
				CLANG_WARN_STRICT_PROTOTYPES = YES;
				CLANG_WARN_SUSPICIOUS_MOVE = YES;
				CLANG_WARN_UNGUARDED_AVAILABILITY = YES_AGGRESSIVE;
				CLANG_WARN_UNREACHABLE_CODE = YES;
				CLANG_WARN__DUPLICATE_METHOD_MATCH = YES;
				COPY_PHASE_STRIP = NO;
				DEBUG_INFORMATION_FORMAT = dwarf;
				ENABLE_STRICT_OBJC_MSGSEND = YES;
				ENABLE_TESTABILITY = YES;
				GCC_C_LANGUAGE_STANDARD = gnu11;
				GCC_DYNAMIC_NO_PIC = NO;
				GCC_NO_COMMON_BLOCKS = YES;
				GCC_OPTIMIZATION_LEVEL = 0;
				GCC_PREPROCESSOR_DEFINITIONS = (
					"DEBUG=1",
					"$(inherited)",
				);
				GCC_WARN_64_TO_32_BIT_CONVERSION = YES;
				GCC_WARN_ABOUT_RETURN_TYPE = YES_ERROR;
				GCC_WARN_UNDECLARED_SELECTOR = YES;
				GCC_WARN_UNINITIALIZED_AUTOS = YES_AGGRESSIVE;
				GCC_WARN_UNUSED_FUNCTION = YES;
				GCC_WARN_UNUSED_VARIABLE = YES;
				IPHONEOS_DEPLOYMENT_TARGET = 13.2;
				MTL_ENABLE_DEBUG_INFO = INCLUDE_SOURCE;
				MTL_FAST_MATH = YES;
				ONLY_ACTIVE_ARCH = YES;
				SDKROOT = iphoneos;
				SWIFT_ACTIVE_COMPILATION_CONDITIONS = DEBUG;
				SWIFT_OPTIMIZATION_LEVEL = "-Onone";
			};
			name = Debug;
		};
		B262BBF424641CFE002A2754 /* Release */ = {
			isa = XCBuildConfiguration;
			buildSettings = {
				ALWAYS_SEARCH_USER_PATHS = NO;
				CLANG_ANALYZER_NONNULL = YES;
				CLANG_ANALYZER_NUMBER_OBJECT_CONVERSION = YES_AGGRESSIVE;
				CLANG_CXX_LANGUAGE_STANDARD = "gnu++14";
				CLANG_CXX_LIBRARY = "libc++";
				CLANG_ENABLE_MODULES = YES;
				CLANG_ENABLE_OBJC_ARC = YES;
				CLANG_ENABLE_OBJC_WEAK = YES;
				CLANG_WARN_BLOCK_CAPTURE_AUTORELEASING = YES;
				CLANG_WARN_BOOL_CONVERSION = YES;
				CLANG_WARN_COMMA = YES;
				CLANG_WARN_CONSTANT_CONVERSION = YES;
				CLANG_WARN_DEPRECATED_OBJC_IMPLEMENTATIONS = YES;
				CLANG_WARN_DIRECT_OBJC_ISA_USAGE = YES_ERROR;
				CLANG_WARN_DOCUMENTATION_COMMENTS = YES;
				CLANG_WARN_EMPTY_BODY = YES;
				CLANG_WARN_ENUM_CONVERSION = YES;
				CLANG_WARN_INFINITE_RECURSION = YES;
				CLANG_WARN_INT_CONVERSION = YES;
				CLANG_WARN_NON_LITERAL_NULL_CONVERSION = YES;
				CLANG_WARN_OBJC_IMPLICIT_RETAIN_SELF = YES;
				CLANG_WARN_OBJC_LITERAL_CONVERSION = YES;
				CLANG_WARN_OBJC_ROOT_CLASS = YES_ERROR;
				CLANG_WARN_RANGE_LOOP_ANALYSIS = YES;
				CLANG_WARN_STRICT_PROTOTYPES = YES;
				CLANG_WARN_SUSPICIOUS_MOVE = YES;
				CLANG_WARN_UNGUARDED_AVAILABILITY = YES_AGGRESSIVE;
				CLANG_WARN_UNREACHABLE_CODE = YES;
				CLANG_WARN__DUPLICATE_METHOD_MATCH = YES;
				COPY_PHASE_STRIP = NO;
				DEBUG_INFORMATION_FORMAT = "dwarf-with-dsym";
				ENABLE_NS_ASSERTIONS = NO;
				ENABLE_STRICT_OBJC_MSGSEND = YES;
				GCC_C_LANGUAGE_STANDARD = gnu11;
				GCC_NO_COMMON_BLOCKS = YES;
				GCC_WARN_64_TO_32_BIT_CONVERSION = YES;
				GCC_WARN_ABOUT_RETURN_TYPE = YES_ERROR;
				GCC_WARN_UNDECLARED_SELECTOR = YES;
				GCC_WARN_UNINITIALIZED_AUTOS = YES_AGGRESSIVE;
				GCC_WARN_UNUSED_FUNCTION = YES;
				GCC_WARN_UNUSED_VARIABLE = YES;
				IPHONEOS_DEPLOYMENT_TARGET = 13.2;
				MTL_ENABLE_DEBUG_INFO = NO;
				MTL_FAST_MATH = YES;
				SDKROOT = iphoneos;
				SWIFT_COMPILATION_MODE = wholemodule;
				SWIFT_OPTIMIZATION_LEVEL = "-O";
				VALIDATE_PRODUCT = YES;
			};
			name = Release;
		};
		B262BBF624641CFE002A2754 /* Debug */ = {
			isa = XCBuildConfiguration;
			buildSettings = {
				ASSETCATALOG_COMPILER_APPICON_NAME = AppIcon;
				CODE_SIGN_STYLE = Automatic;
				INFOPLIST_FILE = "Swift-Learning/Info.plist";
				LD_RUNPATH_SEARCH_PATHS = (
					"$(inherited)",
					"@executable_path/Frameworks",
				);
				PRODUCT_BUNDLE_IDENTIFIER = "com.n22.IosGuangDa.phone.Swift-Learning";
				PRODUCT_NAME = "$(TARGET_NAME)";
				SWIFT_VERSION = 5.0;
				TARGETED_DEVICE_FAMILY = "1,2";
			};
			name = Debug;
		};
		B262BBF724641CFE002A2754 /* Release */ = {
			isa = XCBuildConfiguration;
			buildSettings = {
				ASSETCATALOG_COMPILER_APPICON_NAME = AppIcon;
				CODE_SIGN_STYLE = Automatic;
				INFOPLIST_FILE = "Swift-Learning/Info.plist";
				LD_RUNPATH_SEARCH_PATHS = (
					"$(inherited)",
					"@executable_path/Frameworks",
				);
				PRODUCT_BUNDLE_IDENTIFIER = "com.n22.IosGuangDa.phone.Swift-Learning";
				PRODUCT_NAME = "$(TARGET_NAME)";
				SWIFT_VERSION = 5.0;
				TARGETED_DEVICE_FAMILY = "1,2";
			};
			name = Release;
		};
/* End XCBuildConfiguration section */

/* Begin XCConfigurationList section */
		B262BBDC24641CFA002A2754 /* Build configuration list for PBXProject "Swift-Learning" */ = {
			isa = XCConfigurationList;
			buildConfigurations = (
				B262BBF324641CFE002A2754 /* Debug */,
				B262BBF424641CFE002A2754 /* Release */,
			);
			defaultConfigurationIsVisible = 0;
			defaultConfigurationName = Release;
		};
		B262BBF524641CFE002A2754 /* Build configuration list for PBXNativeTarget "Swift-Learning" */ = {
			isa = XCConfigurationList;
			buildConfigurations = (
				B262BBF624641CFE002A2754 /* Debug */,
				B262BBF724641CFE002A2754 /* Release */,
			);
			defaultConfigurationIsVisible = 0;
			defaultConfigurationName = Release;
		};
/* End XCConfigurationList section */
	};
	rootObject = B262BBD924641CFA002A2754 /* Project object */;
}
